
Microsoft Visual Studio Solution File, Format Version 12.00
# Visual Studio Version 16
VisualStudioVersion = 16.0.30204.135
MinimumVisualStudioVersion = 10.0.40219.1
Project("{FAE04EC0-301F-11D3-BF4B-00C04F79EFBC}") = "Example.Server", "Server\Example.Server.csproj", "{7D8A4A66-F11A-4323-A297-855AABB75657}"
EndProject
Project("{FAE04EC0-301F-11D3-BF4B-00C04F79EFBC}") = "Example.Client", "Client\Example.Client.csproj", "{0BEA7A4B-5662-451B-A82C-262B843CD4DF}"
EndProject
Project("{FAE04EC0-301F-11D3-BF4B-00C04F79EFBC}") = "Example.Shared", "Shared\Example.Shared.csproj", "{89D42FBA-FCD9-466E-86D2-98EDD1EB0E1A}"
EndProject
Global
	GlobalSection(SolutionConfigurationPlatforms) = preSolution
		Debug|Any CPU = Debug|Any CPU
		Release|Any CPU = Release|Any CPU
	EndGlobalSection
	GlobalSection(ProjectConfigurationPlatforms) = postSolution
		{7D8A4A66-F11A-4323-A297-855AABB75657}.Debug|Any CPU.ActiveCfg = Debug|Any CPU
		{7D8A4A66-F11A-4323-A297-855AABB75657}.Debug|Any CPU.Build.0 = Debug|Any CPU
		{7D8A4A66-F11A-4323-A297-855AABB75657}.Release|Any CPU.ActiveCfg = Release|Any CPU
		{7D8A4A66-F11A-4323-A297-855AABB75657}.Release|Any CPU.Build.0 = Release|Any CPU
		{0BEA7A4B-5662-451B-A82C-262B843CD4DF}.Debug|Any CPU.ActiveCfg = Debug|Any CPU
		{0BEA7A4B-5662-451B-A82C-262B843CD4DF}.Debug|Any CPU.Build.0 = Debug|Any CPU
		{0BEA7A4B-5662-451B-A82C-262B843CD4DF}.Release|Any CPU.ActiveCfg = Release|Any CPU
		{0BEA7A4B-5662-451B-A82C-262B843CD4DF}.Release|Any CPU.Build.0 = Release|Any CPU
		{89D42FBA-FCD9-466E-86D2-98EDD1EB0E1A}.Debug|Any CPU.ActiveCfg = Debug|Any CPU
		{89D42FBA-FCD9-466E-86D2-98EDD1EB0E1A}.Debug|Any CPU.Build.0 = Debug|Any CPU
		{89D42FBA-FCD9-466E-86D2-98EDD1EB0E1A}.Release|Any CPU.ActiveCfg = Release|Any CPU
		{89D42FBA-FCD9-466E-86D2-98EDD1EB0E1A}.Release|Any CPU.Build.0 = Release|Any CPU
	EndGlobalSection
	GlobalSection(SolutionProperties) = preSolution
		HideSolutionNode = FALSE
	EndGlobalSection
	GlobalSection(ExtensibilityGlobals) = postSolution
		SolutionGuid = {7215857A-8CFD-4E06-BE75-959974B061C5}
	EndGlobalSection
EndGlobal
